# Installer prerequisite versions and SHA-256 digests.
#
# This is deliberately shell syntax: the prerequisite bootstrap cannot depend
# on yq or jq in order to read its own version metadata. Keep this file limited
# to simple variable assignments; installer_prereqs.sh validates it before use.

PREREQ_KUBECTL_PINNED_VERSION="v1.36.1"
PREREQ_HELM_VERSION="v3.21.0"
PREREQ_JQ_VERSION="1.8.2"
PREREQ_YQ_VERSION="v4.53.3"

PREREQ_KUBECTL_LINUX_AMD64_SHA256="629d3f410e09bf49b64ae7079f7f0bda1191efed311f7d37fdbab0ad5b0ec2b7"
PREREQ_KUBECTL_LINUX_ARM64_SHA256="59f7ee8e477fae658447607dc3c8790ac17a1b016c01c622c12070e969e2d4e7"
PREREQ_KUBECTL_DARWIN_AMD64_SHA256="b4973e90ebb00537d735b63d6f8293c1959156e6ff435f6a43c08aeaa1a2e7d7"
PREREQ_KUBECTL_DARWIN_ARM64_SHA256="9092778abaef3079449da4cd70ded0e4be112480c93efcdeace3155968d1d133"

PREREQ_HELM_LINUX_AMD64_SHA256="0093eb572e3d2380f094df162ddb525e219249de88957afe24cfbb19632acd36"
PREREQ_HELM_LINUX_ARM64_SHA256="8de5a0c9a47431e59fd560e91e0779c8cf9316c383da7efb84128a4c339ecb2d"
PREREQ_HELM_DARWIN_AMD64_SHA256="8bc0c1f85f8738cc3cda4a2cc73047145bcdcb1f4d9cdcc29073037bfb22fa2e"
PREREQ_HELM_DARWIN_ARM64_SHA256="68bfbdc022c543a2a022597b20298216877e98abe6e4a345d3ecf114d79cae5f"

PREREQ_JQ_LINUX_AMD64_SHA256="b1c22172dd303f3be49e935aa56aa48a8b7a46e0bc838b4997d3bb451495870f"
PREREQ_JQ_LINUX_ARM64_SHA256="8b85c817833814ddca00a144c33705546355afccf0cf39b188f3cdb48b852309"
PREREQ_JQ_DARWIN_AMD64_SHA256="e94b266e3c26690550006abe63152b782280f4e14374accdf04cbde844f00bc0"
PREREQ_JQ_DARWIN_ARM64_SHA256="2d75340ba57a4b4b4c8708a21c2dc8e958a48aaa8bba13b27f77f6e4c0eca07e"

PREREQ_YQ_LINUX_AMD64_SHA256="fa52a4e758c63d38299163fbdd1edfb4c4963247918bf9c1c5d31d84789eded4"
PREREQ_YQ_LINUX_ARM64_SHA256="578648e463a11c1b6db6010cbf41eafed6bee79466fcffa1bb446672cf7945ea"
PREREQ_YQ_DARWIN_AMD64_SHA256="b4ba1ecce3c47f00803f4f964de38394326c7a32eb6540616e04fb2935a0f08d"
PREREQ_YQ_DARWIN_ARM64_SHA256="877de31753a4dd2401aa048937aa9a7fc4d5f6ce858cf31508c5802954297213"
