dependencies:
- name: cert-manager
  repository: https://charts.jetstack.io
  version: v1.18.5
- name: kuberay-operator
  repository: https://ray-project.github.io/kuberay-helm
  version: 1.2.2
- name: opentelemetry-operator
  repository: https://open-telemetry.github.io/opentelemetry-helm-charts
  version: 0.88.6
- name: kube-prometheus-stack
  repository: https://prometheus-community.github.io/helm-charts
  version: 72.4.0
- name: splunk-operator
  repository: https://splunk.github.io/splunk-operator
  version: 3.1.0
digest: sha256:f28ec59cbba3617817dfc52092b65fc4b86411ed9cb0b022ae0611483a47d0b2
generated: "2026-03-27T11:15:20.05439+05:30"
