dependencies:
- name: cert-manager
  repository: https://charts.jetstack.io
  version: v1.18.0
- name: kuberay-operator
  repository: https://ray-project.github.io/kuberay-helm
  version: 1.2.2
- name: opentelemetry-operator
  repository: https://open-telemetry.github.io/opentelemetry-helm-charts
  version: 0.88.6
- name: kube-prometheus-stack
  repository: https://prometheus-community.github.io/helm-charts
  version: 72.4.0
- name: splunk-operator
  repository: https://splunk.github.io/splunk-operator
  version: 3.1.0
digest: sha256:bc5e962d5c6b465b26a13a91660d7fa45687c394e124abe2beb96e4a2e3760df
generated: "2026-03-21T00:24:00.448397+05:30"
